
Microsoft Visual Studio Solution File, Format Version 12.00
# Visual Studio 15
VisualStudioVersion = 15.0.28307.438
MinimumVisualStudioVersion = 10.0.40219.1
Project("{8BC9CEB8-8B4A-11D0-8D11-00A0C91BC942}") = "Dest_Hack_Otborochnoe", "Dest_Hack_Otborochnoe\Dest_Hack_Otborochnoe.vcxproj", "{15A30607-BA7E-4232-B87E-B6C2948A6601}"
EndProject
Global
	GlobalSection(SolutionConfigurationPlatforms) = preSolution
		Debug|x64 = Debug|x64
		Debug|x86 = Debug|x86
		Release|x64 = Release|x64
		Release|x86 = Release|x86
	EndGlobalSection
	GlobalSection(ProjectConfigurationPlatforms) = postSolution
		{15A30607-BA7E-4232-B87E-B6C2948A6601}.Debug|x64.ActiveCfg = Debug|x64
		{15A30607-BA7E-4232-B87E-B6C2948A6601}.Debug|x64.Build.0 = Debug|x64
		{15A30607-BA7E-4232-B87E-B6C2948A6601}.Debug|x86.ActiveCfg = Debug|Win32
		{15A30607-BA7E-4232-B87E-B6C2948A6601}.Debug|x86.Build.0 = Debug|Win32
		{15A30607-BA7E-4232-B87E-B6C2948A6601}.Release|x64.ActiveCfg = Release|x64
		{15A30607-BA7E-4232-B87E-B6C2948A6601}.Release|x64.Build.0 = Release|x64
		{15A30607-BA7E-4232-B87E-B6C2948A6601}.Release|x86.ActiveCfg = Release|Win32
		{15A30607-BA7E-4232-B87E-B6C2948A6601}.Release|x86.Build.0 = Release|Win32
	EndGlobalSection
	GlobalSection(SolutionProperties) = preSolution
		HideSolutionNode = FALSE
	EndGlobalSection
	GlobalSection(ExtensibilityGlobals) = postSolution
		SolutionGuid = {52DEE6E8-3A61-4D87-BC85-96D9A7A8460D}
	EndGlobalSection
EndGlobal
